// !$*UTF8*$!
{
	archiveVersion = 1;
	classes = {
	};
	objectVersion = 55;
	objects = {

/* Begin PBXBuildFile section */
		CA401DF6275FEA9C00C08AC5 /* ImageStore.swift in Sources */ = {isa = PBXBuildFile; fileRef = CA401DF5275FEA9C00C08AC5 /* ImageStore.swift */; };
		CAD038B8275EAC9E00DEC0BC /* DetailViewController.swift in Sources */ = {isa = PBXBuildFile; fileRef = CAD038B7275EAC9E00DEC0BC /* DetailViewController.swift */; };
		CAFE143E275D67020033D287 /* AppDelegate.swift in Sources */ = {isa = PBXBuildFile; fileRef = CAFE143D275D67020033D287 /* AppDelegate.swift */; };
		CAFE1440275D67020033D287 /* SceneDelegate.swift in Sources */ = {isa = PBXBuildFile; fileRef = CAFE143F275D67020033D287 /* SceneDelegate.swift */; };
		CAFE1445275D67020033D287 /* Main.storyboard in Resources */ = {isa = PBXBuildFile; fileRef = CAFE1443275D67020033D287 /* Main.storyboard */; };
		CAFE1447275D67030033D287 /* Assets.xcassets in Resources */ = {isa = PBXBuildFile; fileRef = CAFE1446275D67030033D287 /* Assets.xcassets */; };
		CAFE144A275D67030033D287 /* LaunchScreen.storyboard in Resources */ = {isa = PBXBuildFile; fileRef = CAFE1448275D67030033D287 /* LaunchScreen.storyboard */; };
		CAFE1455275D67030033D287 /* LootLoggerTests.swift in Sources */ = {isa = PBXBuildFile; fileRef = CAFE1454275D67030033D287 /* LootLoggerTests.swift */; };
		CAFE145F275D67030033D287 /* LootLoggerUITests.swift in Sources */ = {isa = PBXBuildFile; fileRef = CAFE145E275D67030033D287 /* LootLoggerUITests.swift */; };
		CAFE1461275D67030033D287 /* LootLoggerUITestsLaunchTests.swift in Sources */ = {isa = PBXBuildFile; fileRef = CAFE1460275D67030033D287 /* LootLoggerUITestsLaunchTests.swift */; };
		CAFE146E275D67970033D287 /* ItemsViewController.swift in Sources */ = {isa = PBXBuildFile; fileRef = CAFE146D275D67970033D287 /* ItemsViewController.swift */; };
		CAFE1470275D68E60033D287 /* Item.swift in Sources */ = {isa = PBXBuildFile; fileRef = CAFE146F275D68E60033D287 /* Item.swift */; };
		CAFE1472275D6D920033D287 /* ItemStore.swift in Sources */ = {isa = PBXBuildFile; fileRef = CAFE1471275D6D920033D287 /* ItemStore.swift */; };
		CAFE1474275D87B40033D287 /* ItemCell.swift in Sources */ = {isa = PBXBuildFile; fileRef = CAFE1473275D87B40033D287 /* ItemCell.swift */; };
/* End PBXBuildFile section */

/* Begin PBXContainerItemProxy section */
		CAFE1451275D67030033D287 /* PBXContainerItemProxy */ = {
			isa = PBXContainerItemProxy;
			containerPortal = CAFE1432275D67020033D287 /* Project object */;
			proxyType = 1;
			remoteGlobalIDString = CAFE1439275D67020033D287;
			remoteInfo = LootLogger;
		};
		CAFE145B275D67030033D287 /* PBXContainerItemProxy */ = {
			isa = PBXContainerItemProxy;
			containerPortal = CAFE1432275D67020033D287 /* Project object */;
			proxyType = 1;
			remoteGlobalIDString = CAFE1439275D67020033D287;
			remoteInfo = LootLogger;
		};
/* End PBXContainerItemProxy section */

/* Begin PBXFileReference section */
		CA401DF5275FEA9C00C08AC5 /* ImageStore.swift */ = {isa = PBXFileReference; lastKnownFileType = sourcecode.swift; path = ImageStore.swift; sourceTree = "<group>"; };
		CAD038B7275EAC9E00DEC0BC /* DetailViewController.swift */ = {isa = PBXFileReference; lastKnownFileType = sourcecode.swift; path = DetailViewController.swift; sourceTree = "<group>"; };
		CAFE143A275D67020033D287 /* LootLogger.app */ = {isa = PBXFileReference; explicitFileType = wrapper.application; includeInIndex = 0; path = LootLogger.app; sourceTree = BUILT_PRODUCTS_DIR; };
		CAFE143D275D67020033D287 /* AppDelegate.swift */ = {isa = PBXFileReference; lastKnownFileType = sourcecode.swift; path = AppDelegate.swift; sourceTree = "<group>"; };
		CAFE143F275D67020033D287 /* SceneDelegate.swift */ = {isa = PBXFileReference; lastKnownFileType = sourcecode.swift; path = SceneDelegate.swift; sourceTree = "<group>"; };
		CAFE1444275D67020033D287 /* Base */ = {isa = PBXFileReference; lastKnownFileType = file.storyboard; name = Base; path = Base.lproj/Main.storyboard; sourceTree = "<group>"; };
		CAFE1446275D67030033D287 /* Assets.xcassets */ = {isa = PBXFileReference; lastKnownFileType = folder.assetcatalog; path = Assets.xcassets; sourceTree = "<group>"; };
		CAFE1449275D67030033D287 /* Base */ = {isa = PBXFileReference; lastKnownFileType = file.storyboard; name = Base; path = Base.lproj/LaunchScreen.storyboard; sourceTree = "<group>"; };
		CAFE144B275D67030033D287 /* Info.plist */ = {isa = PBXFileReference; lastKnownFileType = text.plist.xml; path = Info.plist; sourceTree = "<group>"; };
		CAFE1450275D67030033D287 /* LootLoggerTests.xctest */ = {isa = PBXFileReference; explicitFileType = wrapper.cfbundle; includeInIndex = 0; path = LootLoggerTests.xctest; sourceTree = BUILT_PRODUCTS_DIR; };
		CAFE1454275D67030033D287 /* LootLoggerTests.swift */ = {isa = PBXFileReference; lastKnownFileType = sourcecode.swift; path = LootLoggerTests.swift; sourceTree = "<group>"; };
		CAFE145A275D67030033D287 /* LootLoggerUITests.xctest */ = {isa = PBXFileReference; explicitFileType = wrapper.cfbundle; includeInIndex = 0; path = LootLoggerUITests.xctest; sourceTree = BUILT_PRODUCTS_DIR; };
		CAFE145E275D67030033D287 /* LootLoggerUITests.swift */ = {isa = PBXFileReference; lastKnownFileType = sourcecode.swift; path = LootLoggerUITests.swift; sourceTree = "<group>"; };
		CAFE1460275D67030033D287 /* LootLoggerUITestsLaunchTests.swift */ = {isa = PBXFileReference; lastKnownFileType = sourcecode.swift; path = LootLoggerUITestsLaunchTests.swift; sourceTree = "<group>"; };
		CAFE146D275D67970033D287 /* ItemsViewController.swift */ = {isa = PBXFileReference; lastKnownFileType = sourcecode.swift; path = ItemsViewController.swift; sourceTree = "<group>"; };
		CAFE146F275D68E60033D287 /* Item.swift */ = {isa = PBXFileReference; lastKnownFileType = sourcecode.swift; path = Item.swift; sourceTree = "<group>"; };
		CAFE1471275D6D920033D287 /* ItemStore.swift */ = {isa = PBXFileReference; lastKnownFileType = sourcecode.swift; path = ItemStore.swift; sourceTree = "<group>"; };
		CAFE1473275D87B40033D287 /* ItemCell.swift */ = {isa = PBXFileReference; lastKnownFileType = sourcecode.swift; path = ItemCell.swift; sourceTree = "<group>"; };
/* End PBXFileReference section */

/* Begin PBXFrameworksBuildPhase section */
		CAFE1437275D67020033D287 /* Frameworks */ = {
			isa = PBXFrameworksBuildPhase;
			buildActionMask = 2147483647;
			files = (
			);
			runOnlyForDeploymentPostprocessing = 0;
		};
		CAFE144D275D67030033D287 /* Frameworks */ = {
			isa = PBXFrameworksBuildPhase;
			buildActionMask = 2147483647;
			files = (
			);
			runOnlyForDeploymentPostprocessing = 0;
		};
		CAFE1457275D67030033D287 /* Frameworks */ = {
			isa = PBXFrameworksBuildPhase;
			buildActionMask = 2147483647;
			files = (
			);
			runOnlyForDeploymentPostprocessing = 0;
		};
/* End PBXFrameworksBuildPhase section */

/* Begin PBXGroup section */
		CAFE1431275D67020033D287 = {
			isa = PBXGroup;
			children = (
				CAFE143C275D67020033D287 /* LootLogger */,
				CAFE1453275D67030033D287 /* LootLoggerTests */,
				CAFE145D275D67030033D287 /* LootLoggerUITests */,
				CAFE143B275D67020033D287 /* Products */,
			);
			sourceTree = "<group>";
		};
		CAFE143B275D67020033D287 /* Products */ = {
			isa = PBXGroup;
			children = (
				CAFE143A275D67020033D287 /* LootLogger.app */,
				CAFE1450275D67030033D287 /* LootLoggerTests.xctest */,
				CAFE145A275D67030033D287 /* LootLoggerUITests.xctest */,
			);
			name = Products;
			sourceTree = "<group>";
		};
		CAFE143C275D67020033D287 /* LootLogger */ = {
			isa = PBXGroup;
			children = (
				CAFE143D275D67020033D287 /* AppDelegate.swift */,
				CAFE143F275D67020033D287 /* SceneDelegate.swift */,
				CAFE1473275D87B40033D287 /* ItemCell.swift */,
				CAFE146F275D68E60033D287 /* Item.swift */,
				CAFE1471275D6D920033D287 /* ItemStore.swift */,
				CA401DF5275FEA9C00C08AC5 /* ImageStore.swift */,
				CAD038B7275EAC9E00DEC0BC /* DetailViewController.swift */,
				CAFE146D275D67970033D287 /* ItemsViewController.swift */,
				CAFE1443275D67020033D287 /* Main.storyboard */,
				CAFE1446275D67030033D287 /* Assets.xcassets */,
				CAFE1448275D67030033D287 /* LaunchScreen.storyboard */,
				CAFE144B275D67030033D287 /* Info.plist */,
			);
			path = LootLogger;
			sourceTree = "<group>";
		};
		CAFE1453275D67030033D287 /* LootLoggerTests */ = {
			isa = PBXGroup;
			children = (
				CAFE1454275D67030033D287 /* LootLoggerTests.swift */,
			);
			path = LootLoggerTests;
			sourceTree = "<group>";
		};
		CAFE145D275D67030033D287 /* LootLoggerUITests */ = {
			isa = PBXGroup;
			children = (
				CAFE145E275D67030033D287 /* LootLoggerUITests.swift */,
				CAFE1460275D67030033D287 /* LootLoggerUITestsLaunchTests.swift */,
			);
			path = LootLoggerUITests;
			sourceTree = "<group>";
		};
/* End PBXGroup section */

/* Begin PBXNativeTarget section */
		CAFE1439275D67020033D287 /* LootLogger */ = {
			isa = PBXNativeTarget;
			buildConfigurationList = CAFE1464275D67030033D287 /* Build configuration list for PBXNativeTarget "LootLogger" */;
			buildPhases = (
				CAFE1436275D67020033D287 /* Sources */,
				CAFE1437275D67020033D287 /* Frameworks */,
				CAFE1438275D67020033D287 /* Resources */,
			);
			buildRules = (
			);
			dependencies = (
			);
			name = LootLogger;
			productName = LootLogger;
			productReference = CAFE143A275D67020033D287 /* LootLogger.app */;
			productType = "com.apple.product-type.application";
		};
		CAFE144F275D67030033D287 /* LootLoggerTests */ = {
			isa = PBXNativeTarget;
			buildConfigurationList = CAFE1467275D67030033D287 /* Build configuration list for PBXNativeTarget "LootLoggerTests" */;
			buildPhases = (
				CAFE144C275D67030033D287 /* Sources */,
				CAFE144D275D67030033D287 /* Frameworks */,
				CAFE144E275D67030033D287 /* Resources */,
			);
			buildRules = (
			);
			dependencies = (
				CAFE1452275D67030033D287 /* PBXTargetDependency */,
			);
			name = LootLoggerTests;
			productName = LootLoggerTests;
			productReference = CAFE1450275D67030033D287 /* LootLoggerTests.xctest */;
			productType = "com.apple.product-type.bundle.unit-test";
		};
		CAFE1459275D67030033D287 /* LootLoggerUITests */ = {
			isa = PBXNativeTarget;
			buildConfigurationList = CAFE146A275D67030033D287 /* Build configuration list for PBXNativeTarget "LootLoggerUITests" */;
			buildPhases = (
				CAFE1456275D67030033D287 /* Sources */,
				CAFE1457275D67030033D287 /* Frameworks */,
				CAFE1458275D67030033D287 /* Resources */,
			);
			buildRules = (
			);
			dependencies = (
				CAFE145C275D67030033D287 /* PBXTargetDependency */,
			);
			name = LootLoggerUITests;
			productName = LootLoggerUITests;
			productReference = CAFE145A275D67030033D287 /* LootLoggerUITests.xctest */;
			productType = "com.apple.product-type.bundle.ui-testing";
		};
/* End PBXNativeTarget section */

/* Begin PBXProject section */
		CAFE1432275D67020033D287 /* Project object */ = {
			isa = PBXProject;
			attributes = {
				BuildIndependentTargetsInParallel = 1;
				LastSwiftUpdateCheck = 1320;
				LastUpgradeCheck = 1320;
				TargetAttributes = {
					CAFE1439275D67020033D287 = {
						CreatedOnToolsVersion = 13.2;
					};
					CAFE144F275D67030033D287 = {
						CreatedOnToolsVersion = 13.2;
						TestTargetID = CAFE1439275D67020033D287;
					};
					CAFE1459275D67030033D287 = {
						CreatedOnToolsVersion = 13.2;
						TestTargetID = CAFE1439275D67020033D287;
					};
				};
			};
			buildConfigurationList = CAFE1435275D67020033D287 /* Build configuration list for PBXProject "LootLogger" */;
			compatibilityVersion = "Xcode 13.0";
			developmentRegion = en;
			hasScannedForEncodings = 0;
			knownRegions = (
				en,
				Base,
			);
			mainGroup = CAFE1431275D67020033D287;
			productRefGroup = CAFE143B275D67020033D287 /* Products */;
			projectDirPath = "";
			projectRoot = "";
			targets = (
				CAFE1439275D67020033D287 /* LootLogger */,
				CAFE144F275D67030033D287 /* LootLoggerTests */,
				CAFE1459275D67030033D287 /* LootLoggerUITests */,
			);
		};
/* End PBXProject section */

/* Begin PBXResourcesBuildPhase section */
		CAFE1438275D67020033D287 /* Resources */ = {
			isa = PBXResourcesBuildPhase;
			buildActionMask = 2147483647;
			files = (
				CAFE144A275D67030033D287 /* LaunchScreen.storyboard in Resources */,
				CAFE1447275D67030033D287 /* Assets.xcassets in Resources */,
				CAFE1445275D67020033D287 /* Main.storyboard in Resources */,
			);
			runOnlyForDeploymentPostprocessing = 0;
		};
		CAFE144E275D67030033D287 /* Resources */ = {
			isa = PBXResourcesBuildPhase;
			buildActionMask = 2147483647;
			files = (
			);
			runOnlyForDeploymentPostprocessing = 0;
		};
		CAFE1458275D67030033D287 /* Resources */ = {
			isa = PBXResourcesBuildPhase;
			buildActionMask = 2147483647;
			files = (
			);
			runOnlyForDeploymentPostprocessing = 0;
		};
/* End PBXResourcesBuildPhase section */

/* Begin PBXSourcesBuildPhase section */
		CAFE1436275D67020033D287 /* Sources */ = {
			isa = PBXSourcesBuildPhase;
			buildActionMask = 2147483647;
			files = (
				CAFE1470275D68E60033D287 /* Item.swift in Sources */,
				CAFE146E275D67970033D287 /* ItemsViewController.swift in Sources */,
				CAFE1474275D87B40033D287 /* ItemCell.swift in Sources */,
				CA401DF6275FEA9C00C08AC5 /* ImageStore.swift in Sources */,
				CAFE143E275D67020033D287 /* AppDelegate.swift in Sources */,
				CAFE1472275D6D920033D287 /* ItemStore.swift in Sources */,
				CAFE1440275D67020033D287 /* SceneDelegate.swift in Sources */,
				CAD038B8275EAC9E00DEC0BC /* DetailViewController.swift in Sources */,
			);
			runOnlyForDeploymentPostprocessing = 0;
		};
		CAFE144C275D67030033D287 /* Sources */ = {
			isa = PBXSourcesBuildPhase;
			buildActionMask = 2147483647;
			files = (
				CAFE1455275D67030033D287 /* LootLoggerTests.swift in Sources */,
			);
			runOnlyForDeploymentPostprocessing = 0;
		};
		CAFE1456275D67030033D287 /* Sources */ = {
			isa = PBXSourcesBuildPhase;
			buildActionMask = 2147483647;
			files = (
				CAFE1461275D67030033D287 /* LootLoggerUITestsLaunchTests.swift in Sources */,
				CAFE145F275D67030033D287 /* LootLoggerUITests.swift in Sources */,
			);
			runOnlyForDeploymentPostprocessing = 0;
		};
/* End PBXSourcesBuildPhase section */

/* Begin PBXTargetDependency section */
		CAFE1452275D67030033D287 /* PBXTargetDependency */ = {
			isa = PBXTargetDependency;
			target = CAFE1439275D67020033D287 /* LootLogger */;
			targetProxy = CAFE1451275D67030033D287 /* PBXContainerItemProxy */;
		};
		CAFE145C275D67030033D287 /* PBXTargetDependency */ = {
			isa = PBXTargetDependency;
			target = CAFE1439275D67020033D287 /* LootLogger */;
			targetProxy = CAFE145B275D67030033D287 /* PBXContainerItemProxy */;
		};
/* End PBXTargetDependency section */

/* Begin PBXVariantGroup section */
		CAFE1443275D67020033D287 /* Main.storyboard */ = {
			isa = PBXVariantGroup;
			children = (
				CAFE1444275D67020033D287 /* Base */,
			);
			name = Main.storyboard;
			sourceTree = "<group>";
		};
		CAFE1448275D67030033D287 /* LaunchScreen.storyboard */ = {
			isa = PBXVariantGroup;
			children = (
				CAFE1449275D67030033D287 /* Base */,
			);
			name = LaunchScreen.storyboard;
			sourceTree = "<group>";
		};
/* End PBXVariantGroup section */

/* Begin XCBuildConfiguration section */
		CAFE1462275D67030033D287 /* Debug */ = {
			isa = XCBuildConfiguration;
			buildSettings = {
				ALWAYS_SEARCH_USER_PATHS = NO;
				CLANG_ANALYZER_NONNULL = YES;
				CLANG_ANALYZER_NUMBER_OBJECT_CONVERSION = YES_AGGRESSIVE;
				CLANG_CXX_LANGUAGE_STANDARD = "gnu++17";
				CLANG_CXX_LIBRARY = "libc++";
				CLANG_ENABLE_MODULES = YES;
				CLANG_ENABLE_OBJC_ARC = YES;
				CLANG_ENABLE_OBJC_WEAK = YES;
				CLANG_WARN_BLOCK_CAPTURE_AUTORELEASING = YES;
				CLANG_WARN_BOOL_CONVERSION = YES;
				CLANG_WARN_COMMA = YES;
				CLANG_WARN_CONSTANT_CONVERSION = YES;
				CLANG_WARN_DEPRECATED_OBJC_IMPLEMENTATIONS = YES;
				CLANG_WARN_DIRECT_OBJC_ISA_USAGE = YES_ERROR;
				CLANG_WARN_DOCUMENTATION_COMMENTS = YES;
				CLANG_WARN_EMPTY_BODY = YES;
				CLANG_WARN_ENUM_CONVERSION = YES;
				CLANG_WARN_INFINITE_RECURSION = YES;
				CLANG_WARN_INT_CONVERSION = YES;
				CLANG_WARN_NON_LITERAL_NULL_CONVERSION = YES;
				CLANG_WARN_OBJC_IMPLICIT_RETAIN_SELF = YES;
				CLANG_WARN_OBJC_LITERAL_CONVERSION = YES;
				CLANG_WARN_OBJC_ROOT_CLASS = YES_ERROR;
				CLANG_WARN_QUOTED_INCLUDE_IN_FRAMEWORK_HEADER = YES;
				CLANG_WARN_RANGE_LOOP_ANALYSIS = YES;
				CLANG_WARN_STRICT_PROTOTYPES = YES;
				CLANG_WARN_SUSPICIOUS_MOVE = YES;
				CLANG_WARN_UNGUARDED_AVAILABILITY = YES_AGGRESSIVE;
				CLANG_WARN_UNREACHABLE_CODE = YES;
				CLANG_WARN__DUPLICATE_METHOD_MATCH = YES;
				COPY_PHASE_STRIP = NO;
				DEBUG_INFORMATION_FORMAT = dwarf;
				ENABLE_STRICT_OBJC_MSGSEND = YES;
				ENABLE_TESTABILITY = YES;
				GCC_C_LANGUAGE_STANDARD = gnu11;
				GCC_DYNAMIC_NO_PIC = NO;
				GCC_NO_COMMON_BLOCKS = YES;
				GCC_OPTIMIZATION_LEVEL = 0;
				GCC_PREPROCESSOR_DEFINITIONS = (
					"DEBUG=1",
					"$(inherited)",
				);
				GCC_WARN_64_TO_32_BIT_CONVERSION = YES;
				GCC_WARN_ABOUT_RETURN_TYPE = YES_ERROR;
				GCC_WARN_UNDECLARED_SELECTOR = YES;
				GCC_WARN_UNINITIALIZED_AUTOS = YES_AGGRESSIVE;
				GCC_WARN_UNUSED_FUNCTION = YES;
				GCC_WARN_UNUSED_VARIABLE = YES;
				IPHONEOS_DEPLOYMENT_TARGET = 15.2;
				MTL_ENABLE_DEBUG_INFO = INCLUDE_SOURCE;
				MTL_FAST_MATH = YES;
				ONLY_ACTIVE_ARCH = YES;
				SDKROOT = iphoneos;
				SWIFT_ACTIVE_COMPILATION_CONDITIONS = DEBUG;
				SWIFT_OPTIMIZATION_LEVEL = "-Onone";
			};
			name = Debug;
		};
		CAFE1463275D67030033D287 /* Release */ = {
			isa = XCBuildConfiguration;
			buildSettings = {
				ALWAYS_SEARCH_USER_PATHS = NO;
				CLANG_ANALYZER_NONNULL = YES;
				CLANG_ANALYZER_NUMBER_OBJECT_CONVERSION = YES_AGGRESSIVE;
				CLANG_CXX_LANGUAGE_STANDARD = "gnu++17";
				CLANG_CXX_LIBRARY = "libc++";
				CLANG_ENABLE_MODULES = YES;
				CLANG_ENABLE_OBJC_ARC = YES;
				CLANG_ENABLE_OBJC_WEAK = YES;
				CLANG_WARN_BLOCK_CAPTURE_AUTORELEASING = YES;
				CLANG_WARN_BOOL_CONVERSION = YES;
				CLANG_WARN_COMMA = YES;
				CLANG_WARN_CONSTANT_CONVERSION = YES;
				CLANG_WARN_DEPRECATED_OBJC_IMPLEMENTATIONS = YES;
				CLANG_WARN_DIRECT_OBJC_ISA_USAGE = YES_ERROR;
				CLANG_WARN_DOCUMENTATION_COMMENTS = YES;
				CLANG_WARN_EMPTY_BODY = YES;
				CLANG_WARN_ENUM_CONVERSION = YES;
				CLANG_WARN_INFINITE_RECURSION = YES;
				CLANG_WARN_INT_CONVERSION = YES;
				CLANG_WARN_NON_LITERAL_NULL_CONVERSION = YES;
				CLANG_WARN_OBJC_IMPLICIT_RETAIN_SELF = YES;
				CLANG_WARN_OBJC_LITERAL_CONVERSION = YES;
				CLANG_WARN_OBJC_ROOT_CLASS = YES_ERROR;
				CLANG_WARN_QUOTED_INCLUDE_IN_FRAMEWORK_HEADER = YES;
				CLANG_WARN_RANGE_LOOP_ANALYSIS = YES;
				CLANG_WARN_STRICT_PROTOTYPES = YES;
				CLANG_WARN_SUSPICIOUS_MOVE = YES;
				CLANG_WARN_UNGUARDED_AVAILABILITY = YES_AGGRESSIVE;
				CLANG_WARN_UNREACHABLE_CODE = YES;
				CLANG_WARN__DUPLICATE_METHOD_MATCH = YES;
				COPY_PHASE_STRIP = NO;
				DEBUG_INFORMATION_FORMAT = "dwarf-with-dsym";
				ENABLE_NS_ASSERTIONS = NO;
				ENABLE_STRICT_OBJC_MSGSEND = YES;
				GCC_C_LANGUAGE_STANDARD = gnu11;
				GCC_NO_COMMON_BLOCKS = YES;
				GCC_WARN_64_TO_32_BIT_CONVERSION = YES;
				GCC_WARN_ABOUT_RETURN_TYPE = YES_ERROR;
				GCC_WARN_UNDECLARED_SELECTOR = YES;
				GCC_WARN_UNINITIALIZED_AUTOS = YES_AGGRESSIVE;
				GCC_WARN_UNUSED_FUNCTION = YES;
				GCC_WARN_UNUSED_VARIABLE = YES;
				IPHONEOS_DEPLOYMENT_TARGET = 15.2;
				MTL_ENABLE_DEBUG_INFO = NO;
				MTL_FAST_MATH = YES;
				SDKROOT = iphoneos;
				SWIFT_COMPILATION_MODE = wholemodule;
				SWIFT_OPTIMIZATION_LEVEL = "-O";
				VALIDATE_PRODUCT = YES;
			};
			name = Release;
		};
		CAFE1465275D67030033D287 /* Debug */ = {
			isa = XCBuildConfiguration;
			buildSettings = {
				ASSETCATALOG_COMPILER_APPICON_NAME = AppIcon;
				ASSETCATALOG_COMPILER_GLOBAL_ACCENT_COLOR_NAME = AccentColor;
				CODE_SIGN_STYLE = Automatic;
				CURRENT_PROJECT_VERSION = 1;
				GENERATE_INFOPLIST_FILE = YES;
				INFOPLIST_FILE = LootLogger/Info.plist;
				INFOPLIST_KEY_CFBundleDisplayName = "";
				INFOPLIST_KEY_LSApplicationCategoryType = "";
				INFOPLIST_KEY_NSCameraUsageDescription = "";
				INFOPLIST_KEY_UIApplicationSupportsIndirectInputEvents = YES;
				INFOPLIST_KEY_UILaunchStoryboardName = LaunchScreen;
				INFOPLIST_KEY_UIMainStoryboardFile = Main;
				INFOPLIST_KEY_UISupportedInterfaceOrientations_iPad = "UIInterfaceOrientationPortrait UIInterfaceOrientationPortraitUpsideDown UIInterfaceOrientationLandscapeLeft UIInterfaceOrientationLandscapeRight";
				INFOPLIST_KEY_UISupportedInterfaceOrientations_iPhone = "UIInterfaceOrientationPortrait UIInterfaceOrientationLandscapeLeft UIInterfaceOrientationLandscapeRight";
				LD_RUNPATH_SEARCH_PATHS = (
					"$(inherited)",
					"@executable_path/Frameworks",
				);
				MARKETING_VERSION = 1.0;
				PRODUCT_BUNDLE_IDENTIFIER = "saitama5719550-gmail.com.LootLogger";
				PRODUCT_NAME = "$(TARGET_NAME)";
				SWIFT_EMIT_LOC_STRINGS = YES;
				SWIFT_VERSION = 5.0;
				TARGETED_DEVICE_FAMILY = "1,2";
			};
			name = Debug;
		};
		CAFE1466275D67030033D287 /* Release */ = {
			isa = XCBuildConfiguration;
			buildSettings = {
				ASSETCATALOG_COMPILER_APPICON_NAME = AppIcon;
				ASSETCATALOG_COMPILER_GLOBAL_ACCENT_COLOR_NAME = AccentColor;
				CODE_SIGN_STYLE = Automatic;
				CURRENT_PROJECT_VERSION = 1;
				GENERATE_INFOPLIST_FILE = YES;
				INFOPLIST_FILE = LootLogger/Info.plist;
				INFOPLIST_KEY_CFBundleDisplayName = "";
				INFOPLIST_KEY_LSApplicationCategoryType = "";
				INFOPLIST_KEY_NSCameraUsageDescription = "";
				INFOPLIST_KEY_UIApplicationSupportsIndirectInputEvents = YES;
				INFOPLIST_KEY_UILaunchStoryboardName = LaunchScreen;
				INFOPLIST_KEY_UIMainStoryboardFile = Main;
				INFOPLIST_KEY_UISupportedInterfaceOrientations_iPad = "UIInterfaceOrientationPortrait UIInterfaceOrientationPortraitUpsideDown UIInterfaceOrientationLandscapeLeft UIInterfaceOrientationLandscapeRight";
				INFOPLIST_KEY_UISupportedInterfaceOrientations_iPhone = "UIInterfaceOrientationPortrait UIInterfaceOrientationLandscapeLeft UIInterfaceOrientationLandscapeRight";
				LD_RUNPATH_SEARCH_PATHS = (
					"$(inherited)",
					"@executable_path/Frameworks",
				);
				MARKETING_VERSION = 1.0;
				PRODUCT_BUNDLE_IDENTIFIER = "saitama5719550-gmail.com.LootLogger";
				PRODUCT_NAME = "$(TARGET_NAME)";
				SWIFT_EMIT_LOC_STRINGS = YES;
				SWIFT_VERSION = 5.0;
				TARGETED_DEVICE_FAMILY = "1,2";
			};
			name = Release;
		};
		CAFE1468275D67030033D287 /* Debug */ = {
			isa = XCBuildConfiguration;
			buildSettings = {
				ALWAYS_EMBED_SWIFT_STANDARD_LIBRARIES = YES;
				BUNDLE_LOADER = "$(TEST_HOST)";
				CODE_SIGN_STYLE = Automatic;
				CURRENT_PROJECT_VERSION = 1;
				GENERATE_INFOPLIST_FILE = YES;
				IPHONEOS_DEPLOYMENT_TARGET = 15.2;
				MARKETING_VERSION = 1.0;
				PRODUCT_BUNDLE_IDENTIFIER = "saitama5719550-gmail.com.LootLoggerTests";
				PRODUCT_NAME = "$(TARGET_NAME)";
				SWIFT_EMIT_LOC_STRINGS = NO;
				SWIFT_VERSION = 5.0;
				TARGETED_DEVICE_FAMILY = "1,2";
				TEST_HOST = "$(BUILT_PRODUCTS_DIR)/LootLogger.app/LootLogger";
			};
			name = Debug;
		};
		CAFE1469275D67030033D287 /* Release */ = {
			isa = XCBuildConfiguration;
			buildSettings = {
				ALWAYS_EMBED_SWIFT_STANDARD_LIBRARIES = YES;
				BUNDLE_LOADER = "$(TEST_HOST)";
				CODE_SIGN_STYLE = Automatic;
				CURRENT_PROJECT_VERSION = 1;
				GENERATE_INFOPLIST_FILE = YES;
				IPHONEOS_DEPLOYMENT_TARGET = 15.2;
				MARKETING_VERSION = 1.0;
				PRODUCT_BUNDLE_IDENTIFIER = "saitama5719550-gmail.com.LootLoggerTests";
				PRODUCT_NAME = "$(TARGET_NAME)";
				SWIFT_EMIT_LOC_STRINGS = NO;
				SWIFT_VERSION = 5.0;
				TARGETED_DEVICE_FAMILY = "1,2";
				TEST_HOST = "$(BUILT_PRODUCTS_DIR)/LootLogger.app/LootLogger";
			};
			name = Release;
		};
		CAFE146B275D67030033D287 /* Debug */ = {
			isa = XCBuildConfiguration;
			buildSettings = {
				ALWAYS_EMBED_SWIFT_STANDARD_LIBRARIES = YES;
				CODE_SIGN_STYLE = Automatic;
				CURRENT_PROJECT_VERSION = 1;
				GENERATE_INFOPLIST_FILE = YES;
				MARKETING_VERSION = 1.0;
				PRODUCT_BUNDLE_IDENTIFIER = "saitama5719550-gmail.com.LootLoggerUITests";
				PRODUCT_NAME = "$(TARGET_NAME)";
				SWIFT_EMIT_LOC_STRINGS = NO;
				SWIFT_VERSION = 5.0;
				TARGETED_DEVICE_FAMILY = "1,2";
				TEST_TARGET_NAME = LootLogger;
			};
			name = Debug;
		};
		CAFE146C275D67030033D287 /* Release */ = {
			isa = XCBuildConfiguration;
			buildSettings = {
				ALWAYS_EMBED_SWIFT_STANDARD_LIBRARIES = YES;
				CODE_SIGN_STYLE = Automatic;
				CURRENT_PROJECT_VERSION = 1;
				GENERATE_INFOPLIST_FILE = YES;
				MARKETING_VERSION = 1.0;
				PRODUCT_BUNDLE_IDENTIFIER = "saitama5719550-gmail.com.LootLoggerUITests";
				PRODUCT_NAME = "$(TARGET_NAME)";
				SWIFT_EMIT_LOC_STRINGS = NO;
				SWIFT_VERSION = 5.0;
				TARGETED_DEVICE_FAMILY = "1,2";
				TEST_TARGET_NAME = LootLogger;
			};
			name = Release;
		};
/* End XCBuildConfiguration section */

/* Begin XCConfigurationList section */
		CAFE1435275D67020033D287 /* Build configuration list for PBXProject "LootLogger" */ = {
			isa = XCConfigurationList;
			buildConfigurations = (
				CAFE1462275D67030033D287 /* Debug */,
				CAFE1463275D67030033D287 /* Release */,
			);
			defaultConfigurationIsVisible = 0;
			defaultConfigurationName = Release;
		};
		CAFE1464275D67030033D287 /* Build configuration list for PBXNativeTarget "LootLogger" */ = {
			isa = XCConfigurationList;
			buildConfigurations = (
				CAFE1465275D67030033D287 /* Debug */,
				CAFE1466275D67030033D287 /* Release */,
			);
			defaultConfigurationIsVisible = 0;
			defaultConfigurationName = Release;
		};
		CAFE1467275D67030033D287 /* Build configuration list for PBXNativeTarget "LootLoggerTests" */ = {
			isa = XCConfigurationList;
			buildConfigurations = (
				CAFE1468275D67030033D287 /* Debug */,
				CAFE1469275D67030033D287 /* Release */,
			);
			defaultConfigurationIsVisible = 0;
			defaultConfigurationName = Release;
		};
		CAFE146A275D67030033D287 /* Build configuration list for PBXNativeTarget "LootLoggerUITests" */ = {
			isa = XCConfigurationList;
			buildConfigurations = (
				CAFE146B275D67030033D287 /* Debug */,
				CAFE146C275D67030033D287 /* Release */,
			);
			defaultConfigurationIsVisible = 0;
			defaultConfigurationName = Release;
		};
/* End XCConfigurationList section */
	};
	rootObject = CAFE1432275D67020033D287 /* Project object */;
}
